{
  "nodes": {
    "advisory-db": {
      "flake": false,
      "locked": {
        "lastModified": 1768059433,
        "narHash": "sha256-HI71gf7YC9+bNHkfX+b8hANMjGefUkAlOCj/0Cmee1A=",
        "owner": "rustsec",
        "repo": "advisory-db",
        "rev": "e39023c9d268ebde7a9eb0accb47cdbf3c1d552a",
        "type": "github"
      },
      "original": {
        "owner": "rustsec",
        "repo": "advisory-db",
        "type": "github"
      }
    },
    "crane": {
      "locked": {
        "lastModified": 1768319649,
        "narHash": "sha256-VFkNyxHxkqGp8gf8kfFMW1j6XeBy609kv6TE9uF/0Js=",
        "owner": "ipetkov",
        "repo": "crane",
        "rev": "4b6527687cfd20da3c2ef8287e01b74c2d6c705b",
        "type": "github"
      },
      "original": {
        "owner": "ipetkov",
        "repo": "crane",
        "type": "github"
      }
    },
    "fenix": {
      "inputs": {
        "nixpkgs": [
          "rust-template",
          "nixpkgs"
        ],
        "rust-analyzer-src": "rust-analyzer-src"
      },
      "locked": {
        "lastModified": 1768373486,
        "narHash": "sha256-pk5bvl3sw6NVrvE1ExvplZru+ZagFrv+3j/82AR9o1U=",
        "owner": "nix-community",
        "repo": "fenix",
        "rev": "f6d71e554f9c38538c59b96835a725738dad8194",
        "type": "github"
      },
      "original": {
        "owner": "nix-community",
        "repo": "fenix",
        "type": "github"
      }
    },
    "flake-utils": {
      "inputs": {
        "systems": "systems"
      },
      "locked": {
        "lastModified": 1731533236,
        "narHash": "sha256-l0KFg5HjrsfsO/JpG+r7fRrqm12kzFHyUHqHCVpMMbI=",
        "owner": "numtide",
        "repo": "flake-utils",
        "rev": "11707dc2f618dd54ca8739b309ec4fc024de578b",
        "type": "github"
      },
      "original": {
        "id": "flake-utils",
        "type": "indirect"
      }
    },
    "nixlib": {
      "locked": {
        "lastModified": 1736643958,
        "narHash": "sha256-tmpqTSWVRJVhpvfSN9KXBvKEXplrwKnSZNAoNPf/S/s=",
        "owner": "nix-community",
        "repo": "nixpkgs.lib",
        "rev": "1418bc28a52126761c02dd3d89b2d8ca0f521181",
        "type": "github"
      },
      "original": {
        "owner": "nix-community",
        "repo": "nixpkgs.lib",
        "type": "github"
      }
    },
    "nixos-generators": {
      "inputs": {
        "nixlib": "nixlib",
        "nixpkgs": [
          "nixpkgs"
        ]
      },
      "locked": {
        "lastModified": 1769813415,
        "narHash": "sha256-nnVmNNKBi1YiBNPhKclNYDORoHkuKipoz7EtVnXO50A=",
        "owner": "nix-community",
        "repo": "nixos-generators",
        "rev": "8946737ff703382fda7623b9fab071d037e897d5",
        "type": "github"
      },
      "original": {
        "owner": "nix-community",
        "repo": "nixos-generators",
        "type": "github"
      }
    },
    "nixpkgs": {
      "locked": {
        "lastModified": 1768397335,
        "narHash": "sha256-0R6CDh1agKj4SlZJ0wHcWh0+3OjbTQZ6Gbx9pFYZk/0=",
        "owner": "gmarti",
        "repo": "nixpkgs",
        "rev": "ae3954ade26979ea06ff62c3407f70f98351bfa2",
        "type": "github"
      },
      "original": {
        "owner": "gmarti",
        "ref": "marona",
        "repo": "nixpkgs",
        "type": "github"
      }
    },
    "root": {
      "inputs": {
        "flake-utils": "flake-utils",
        "nixos-generators": "nixos-generators",
        "nixpkgs": [
          "rust-template",
          "nixpkgs"
        ],
        "rust-template": "rust-template"
      }
    },
    "rust-analyzer-src": {
      "flake": false,
      "locked": {
        "lastModified": 1768338014,
        "narHash": "sha256-1I6ll2cq+WroUVdDodqfOpslXR2ZApu61bLZdGQRzLI=",
        "owner": "rust-lang",
        "repo": "rust-analyzer",
        "rev": "3e8fc50164863f9e7905f8579fb55a984acbc3c2",
        "type": "github"
      },
      "original": {
        "owner": "rust-lang",
        "ref": "nightly",
        "repo": "rust-analyzer",
        "type": "github"
      }
    },
    "rust-template": {
      "inputs": {
        "advisory-db": "advisory-db",
        "crane": "crane",
        "fenix": "fenix",
        "nixpkgs": "nixpkgs"
      },
      "locked": {
        "dir": "nix-template/rust",
        "lastModified": 1768399529,
        "narHash": "sha256-XW7Er/ESre/UN4+5PTGE6QKRqBFBM+YV1zbYWLQJnHw=",
        "ref": "refs/heads/master",
        "rev": "26036b9f1bf6d5352389e80596ab7840fad5da65",
        "revCount": 217,
        "type": "git",
        "url": "https://gitlab.transics-cicd.aws.zf.com/transversal/routing/gitlab-cicd-templates.git"
      },
      "original": {
        "dir": "nix-template/rust",
        "type": "git",
        "url": "https://gitlab.transics-cicd.aws.zf.com/transversal/routing/gitlab-cicd-templates.git"
      }
    },
    "systems": {
      "locked": {
        "lastModified": 1681028828,
        "narHash": "sha256-Vy1rq5AaRuLzOxct8nz4T6wlgyUR7zLU309k9mBC768=",
        "owner": "nix-systems",
        "repo": "default",
        "rev": "da67096a3b9bf56a91d16901293e51ba5b49a27e",
        "type": "github"
      },
      "original": {
        "owner": "nix-systems",
        "repo": "default",
        "type": "github"
      }
    }
  },
  "root": "root",
  "version": 7
}
